Microsoft Visual Studio Solution File, Format Version 12.00
# Visual Studio 2013
Project("{8BC9CEB8-8B4A-11D0-8D11-00A0C91BC942}") = "ALL_BUILD", "ALL_BUILD.vcxproj", "{3710B571-A95B-460D-8107-856B9770109C}"
	ProjectSection(ProjectDependencies) = postProject
		{78DB39C5-56AA-48D0-9A99-49DA2397ADE9} = {78DB39C5-56AA-48D0-9A99-49DA2397ADE9}
		{F7820513-C72A-4F28-898C-5154A6D4E320} = {F7820513-C72A-4F28-898C-5154A6D4E320}
		{49724E79-C64F-44A2-9682-762377A276D1} = {49724E79-C64F-44A2-9682-762377A276D1}
		{C58535A4-E08A-4DA3-B040-85ED4F320D0E} = {C58535A4-E08A-4DA3-B040-85ED4F320D0E}
		{2BADEF76-F281-4451-95B3-87106AE5178E} = {2BADEF76-F281-4451-95B3-87106AE5178E}
		{2127A9CB-C4DB-46C5-8FC1-685D27EFEA5F} = {2127A9CB-C4DB-46C5-8FC1-685D27EFEA5F}
		{BF9A5AF7-1327-4D60-8E37-58B772425635} = {BF9A5AF7-1327-4D60-8E37-58B772425635}
	EndProjectSection
EndProject
Project("{8BC9CEB8-8B4A-11D0-8D11-00A0C91BC942}") = "INSTALL", "INSTALL.vcxproj", "{E9F03499-6862-400F-80BA-450311151981}"
	ProjectSection(ProjectDependencies) = postProject
		{3710B571-A95B-460D-8107-856B9770109C} = {3710B571-A95B-460D-8107-856B9770109C}
	EndProjectSection
EndProject
Project("{8BC9CEB8-8B4A-11D0-8D11-00A0C91BC942}") = "ZERO_CHECK", "ZERO_CHECK.vcxproj", "{78DB39C5-56AA-48D0-9A99-49DA2397ADE9}"
	ProjectSection(ProjectDependencies) = postProject
	EndProjectSection
EndProject
Project("{8BC9CEB8-8B4A-11D0-8D11-00A0C91BC942}") = "sfml-audio", "src\SFML\Audio\sfml-audio.vcxproj", "{F7820513-C72A-4F28-898C-5154A6D4E320}"
	ProjectSection(ProjectDependencies) = postProject
		{78DB39C5-56AA-48D0-9A99-49DA2397ADE9} = {78DB39C5-56AA-48D0-9A99-49DA2397ADE9}
		{2127A9CB-C4DB-46C5-8FC1-685D27EFEA5F} = {2127A9CB-C4DB-46C5-8FC1-685D27EFEA5F}
	EndProjectSection
EndProject
Project("{8BC9CEB8-8B4A-11D0-8D11-00A0C91BC942}") = "sfml-graphics", "src\SFML\Graphics\sfml-graphics.vcxproj", "{49724E79-C64F-44A2-9682-762377A276D1}"
	ProjectSection(ProjectDependencies) = postProject
		{78DB39C5-56AA-48D0-9A99-49DA2397ADE9} = {78DB39C5-56AA-48D0-9A99-49DA2397ADE9}
		{2127A9CB-C4DB-46C5-8FC1-685D27EFEA5F} = {2127A9CB-C4DB-46C5-8FC1-685D27EFEA5F}
		{BF9A5AF7-1327-4D60-8E37-58B772425635} = {BF9A5AF7-1327-4D60-8E37-58B772425635}
	EndProjectSection
EndProject
Project("{8BC9CEB8-8B4A-11D0-8D11-00A0C91BC942}") = "sfml-main", "src\SFML\Main\sfml-main.vcxproj", "{C58535A4-E08A-4DA3-B040-85ED4F320D0E}"
	ProjectSection(ProjectDependencies) = postProject
		{78DB39C5-56AA-48D0-9A99-49DA2397ADE9} = {78DB39C5-56AA-48D0-9A99-49DA2397ADE9}
	EndProjectSection
EndProject
Project("{8BC9CEB8-8B4A-11D0-8D11-00A0C91BC942}") = "sfml-network", "src\SFML\Network\sfml-network.vcxproj", "{2BADEF76-F281-4451-95B3-87106AE5178E}"
	ProjectSection(ProjectDependencies) = postProject
		{78DB39C5-56AA-48D0-9A99-49DA2397ADE9} = {78DB39C5-56AA-48D0-9A99-49DA2397ADE9}
		{2127A9CB-C4DB-46C5-8FC1-685D27EFEA5F} = {2127A9CB-C4DB-46C5-8FC1-685D27EFEA5F}
	EndProjectSection
EndProject
Project("{8BC9CEB8-8B4A-11D0-8D11-00A0C91BC942}") = "sfml-system", "src\SFML\System\sfml-system.vcxproj", "{2127A9CB-C4DB-46C5-8FC1-685D27EFEA5F}"
	ProjectSection(ProjectDependencies) = postProject
		{78DB39C5-56AA-48D0-9A99-49DA2397ADE9} = {78DB39C5-56AA-48D0-9A99-49DA2397ADE9}
	EndProjectSection
EndProject
Project("{8BC9CEB8-8B4A-11D0-8D11-00A0C91BC942}") = "sfml-window", "src\SFML\Window\sfml-window.vcxproj", "{BF9A5AF7-1327-4D60-8E37-58B772425635}"
	ProjectSection(ProjectDependencies) = postProject
		{78DB39C5-56AA-48D0-9A99-49DA2397ADE9} = {78DB39C5-56AA-48D0-9A99-49DA2397ADE9}
		{2127A9CB-C4DB-46C5-8FC1-685D27EFEA5F} = {2127A9CB-C4DB-46C5-8FC1-685D27EFEA5F}
	EndProjectSection
EndProject
Project("{2150E333-8FDC-42A3-9474-1A3956D46DE8}") = "CMake", "CMake", "{BA8B49E9-63EC-4A06-9F88-27D1E780A2BC}"
EndProject
Project("{2150E333-8FDC-42A3-9474-1A3956D46DE8}") = "SFML", "SFML", "{874E0728-C527-4DE4-9133-02071F8A30C7}"
EndProject
Global
	GlobalSection(SolutionConfigurationPlatforms) = preSolution
		Debug|Win32 = Debug|Win32
		Release|Win32 = Release|Win32
		MinSizeRel|Win32 = MinSizeRel|Win32
		RelWithDebInfo|Win32 = RelWithDebInfo|Win32
	EndGlobalSection
	GlobalSection(ProjectConfigurationPlatforms) = postSolution
		{3710B571-A95B-460D-8107-856B9770109C}.Debug|Win32.ActiveCfg = Debug|Win32
		{3710B571-A95B-460D-8107-856B9770109C}.Debug|Win32.Build.0 = Debug|Win32
		{3710B571-A95B-460D-8107-856B9770109C}.Release|Win32.ActiveCfg = Release|Win32
		{3710B571-A95B-460D-8107-856B9770109C}.Release|Win32.Build.0 = Release|Win32
		{3710B571-A95B-460D-8107-856B9770109C}.MinSizeRel|Win32.ActiveCfg = MinSizeRel|Win32
		{3710B571-A95B-460D-8107-856B9770109C}.MinSizeRel|Win32.Build.0 = MinSizeRel|Win32
		{3710B571-A95B-460D-8107-856B9770109C}.RelWithDebInfo|Win32.ActiveCfg = RelWithDebInfo|Win32
		{3710B571-A95B-460D-8107-856B9770109C}.RelWithDebInfo|Win32.Build.0 = RelWithDebInfo|Win32
		{E9F03499-6862-400F-80BA-450311151981}.Debug|Win32.ActiveCfg = Debug|Win32
		{E9F03499-6862-400F-80BA-450311151981}.Release|Win32.ActiveCfg = Release|Win32
		{E9F03499-6862-400F-80BA-450311151981}.MinSizeRel|Win32.ActiveCfg = MinSizeRel|Win32
		{E9F03499-6862-400F-80BA-450311151981}.RelWithDebInfo|Win32.ActiveCfg = RelWithDebInfo|Win32
		{78DB39C5-56AA-48D0-9A99-49DA2397ADE9}.Debug|Win32.ActiveCfg = Debug|Win32
		{78DB39C5-56AA-48D0-9A99-49DA2397ADE9}.Debug|Win32.Build.0 = Debug|Win32
		{78DB39C5-56AA-48D0-9A99-49DA2397ADE9}.Release|Win32.ActiveCfg = Release|Win32
		{78DB39C5-56AA-48D0-9A99-49DA2397ADE9}.Release|Win32.Build.0 = Release|Win32
		{78DB39C5-56AA-48D0-9A99-49DA2397ADE9}.MinSizeRel|Win32.ActiveCfg = MinSizeRel|Win32
		{78DB39C5-56AA-48D0-9A99-49DA2397ADE9}.MinSizeRel|Win32.Build.0 = MinSizeRel|Win32
		{78DB39C5-56AA-48D0-9A99-49DA2397ADE9}.RelWithDebInfo|Win32.ActiveCfg = RelWithDebInfo|Win32
		{78DB39C5-56AA-48D0-9A99-49DA2397ADE9}.RelWithDebInfo|Win32.Build.0 = RelWithDebInfo|Win32
		{F7820513-C72A-4F28-898C-5154A6D4E320}.Debug|Win32.ActiveCfg = Debug|Win32
		{F7820513-C72A-4F28-898C-5154A6D4E320}.Debug|Win32.Build.0 = Debug|Win32
		{F7820513-C72A-4F28-898C-5154A6D4E320}.Release|Win32.ActiveCfg = Release|Win32
		{F7820513-C72A-4F28-898C-5154A6D4E320}.Release|Win32.Build.0 = Release|Win32
		{F7820513-C72A-4F28-898C-5154A6D4E320}.MinSizeRel|Win32.ActiveCfg = MinSizeRel|Win32
		{F7820513-C72A-4F28-898C-5154A6D4E320}.MinSizeRel|Win32.Build.0 = MinSizeRel|Win32
		{F7820513-C72A-4F28-898C-5154A6D4E320}.RelWithDebInfo|Win32.ActiveCfg = RelWithDebInfo|Win32
		{F7820513-C72A-4F28-898C-5154A6D4E320}.RelWithDebInfo|Win32.Build.0 = RelWithDebInfo|Win32
		{49724E79-C64F-44A2-9682-762377A276D1}.Debug|Win32.ActiveCfg = Debug|Win32
		{49724E79-C64F-44A2-9682-762377A276D1}.Debug|Win32.Build.0 = Debug|Win32
		{49724E79-C64F-44A2-9682-762377A276D1}.Release|Win32.ActiveCfg = Release|Win32
		{49724E79-C64F-44A2-9682-762377A276D1}.Release|Win32.Build.0 = Release|Win32
		{49724E79-C64F-44A2-9682-762377A276D1}.MinSizeRel|Win32.ActiveCfg = MinSizeRel|Win32
		{49724E79-C64F-44A2-9682-762377A276D1}.MinSizeRel|Win32.Build.0 = MinSizeRel|Win32
		{49724E79-C64F-44A2-9682-762377A276D1}.RelWithDebInfo|Win32.ActiveCfg = RelWithDebInfo|Win32
		{49724E79-C64F-44A2-9682-762377A276D1}.RelWithDebInfo|Win32.Build.0 = RelWithDebInfo|Win32
		{C58535A4-E08A-4DA3-B040-85ED4F320D0E}.Debug|Win32.ActiveCfg = Debug|Win32
		{C58535A4-E08A-4DA3-B040-85ED4F320D0E}.Debug|Win32.Build.0 = Debug|Win32
		{C58535A4-E08A-4DA3-B040-85ED4F320D0E}.Release|Win32.ActiveCfg = Release|Win32
		{C58535A4-E08A-4DA3-B040-85ED4F320D0E}.Release|Win32.Build.0 = Release|Win32
		{C58535A4-E08A-4DA3-B040-85ED4F320D0E}.MinSizeRel|Win32.ActiveCfg = MinSizeRel|Win32
		{C58535A4-E08A-4DA3-B040-85ED4F320D0E}.MinSizeRel|Win32.Build.0 = MinSizeRel|Win32
		{C58535A4-E08A-4DA3-B040-85ED4F320D0E}.RelWithDebInfo|Win32.ActiveCfg = RelWithDebInfo|Win32
		{C58535A4-E08A-4DA3-B040-85ED4F320D0E}.RelWithDebInfo|Win32.Build.0 = RelWithDebInfo|Win32
		{2BADEF76-F281-4451-95B3-87106AE5178E}.Debug|Win32.ActiveCfg = Debug|Win32
		{2BADEF76-F281-4451-95B3-87106AE5178E}.Debug|Win32.Build.0 = Debug|Win32
		{2BADEF76-F281-4451-95B3-87106AE5178E}.Release|Win32.ActiveCfg = Release|Win32
		{2BADEF76-F281-4451-95B3-87106AE5178E}.Release|Win32.Build.0 = Release|Win32
		{2BADEF76-F281-4451-95B3-87106AE5178E}.MinSizeRel|Win32.ActiveCfg = MinSizeRel|Win32
		{2BADEF76-F281-4451-95B3-87106AE5178E}.MinSizeRel|Win32.Build.0 = MinSizeRel|Win32
		{2BADEF76-F281-4451-95B3-87106AE5178E}.RelWithDebInfo|Win32.ActiveCfg = RelWithDebInfo|Win32
		{2BADEF76-F281-4451-95B3-87106AE5178E}.RelWithDebInfo|Win32.Build.0 = RelWithDebInfo|Win32
		{2127A9CB-C4DB-46C5-8FC1-685D27EFEA5F}.Debug|Win32.ActiveCfg = Debug|Win32
		{2127A9CB-C4DB-46C5-8FC1-685D27EFEA5F}.Debug|Win32.Build.0 = Debug|Win32
		{2127A9CB-C4DB-46C5-8FC1-685D27EFEA5F}.Release|Win32.ActiveCfg = Release|Win32
		{2127A9CB-C4DB-46C5-8FC1-685D27EFEA5F}.Release|Win32.Build.0 = Release|Win32
		{2127A9CB-C4DB-46C5-8FC1-685D27EFEA5F}.MinSizeRel|Win32.ActiveCfg = MinSizeRel|Win32
		{2127A9CB-C4DB-46C5-8FC1-685D27EFEA5F}.MinSizeRel|Win32.Build.0 = MinSizeRel|Win32
		{2127A9CB-C4DB-46C5-8FC1-685D27EFEA5F}.RelWithDebInfo|Win32.ActiveCfg = RelWithDebInfo|Win32
		{2127A9CB-C4DB-46C5-8FC1-685D27EFEA5F}.RelWithDebInfo|Win32.Build.0 = RelWithDebInfo|Win32
		{BF9A5AF7-1327-4D60-8E37-58B772425635}.Debug|Win32.ActiveCfg = Debug|Win32
		{BF9A5AF7-1327-4D60-8E37-58B772425635}.Debug|Win32.Build.0 = Debug|Win32
		{BF9A5AF7-1327-4D60-8E37-58B772425635}.Release|Win32.ActiveCfg = Release|Win32
		{BF9A5AF7-1327-4D60-8E37-58B772425635}.Release|Win32.Build.0 = Release|Win32
		{BF9A5AF7-1327-4D60-8E37-58B772425635}.MinSizeRel|Win32.ActiveCfg = MinSizeRel|Win32
		{BF9A5AF7-1327-4D60-8E37-58B772425635}.MinSizeRel|Win32.Build.0 = MinSizeRel|Win32
		{BF9A5AF7-1327-4D60-8E37-58B772425635}.RelWithDebInfo|Win32.ActiveCfg = RelWithDebInfo|Win32
		{BF9A5AF7-1327-4D60-8E37-58B772425635}.RelWithDebInfo|Win32.Build.0 = RelWithDebInfo|Win32
	EndGlobalSection
	GlobalSection(NestedProjects) = preSolution
		{E9F03499-6862-400F-80BA-450311151981} = {BA8B49E9-63EC-4A06-9F88-27D1E780A2BC}
		{78DB39C5-56AA-48D0-9A99-49DA2397ADE9} = {BA8B49E9-63EC-4A06-9F88-27D1E780A2BC}
		{F7820513-C72A-4F28-898C-5154A6D4E320} = {874E0728-C527-4DE4-9133-02071F8A30C7}
		{49724E79-C64F-44A2-9682-762377A276D1} = {874E0728-C527-4DE4-9133-02071F8A30C7}
		{C58535A4-E08A-4DA3-B040-85ED4F320D0E} = {874E0728-C527-4DE4-9133-02071F8A30C7}
		{2BADEF76-F281-4451-95B3-87106AE5178E} = {874E0728-C527-4DE4-9133-02071F8A30C7}
		{2127A9CB-C4DB-46C5-8FC1-685D27EFEA5F} = {874E0728-C527-4DE4-9133-02071F8A30C7}
		{BF9A5AF7-1327-4D60-8E37-58B772425635} = {874E0728-C527-4DE4-9133-02071F8A30C7}
	EndGlobalSection
	GlobalSection(ExtensibilityGlobals) = postSolution
	EndGlobalSection
	GlobalSection(ExtensibilityAddIns) = postSolution
	EndGlobalSection
EndGlobal
